
Microsoft Visual Studio Solution File, Format Version 12.00
# Visual Studio Version 17
VisualStudioVersion = 17.7.34031.279
MinimumVisualStudioVersion = 10.0.40219.1
Project("{9A19103F-16F7-4668-BE54-9A1E7A4F7556}") = "WebApplicationMVC", "WebApplicationMVC.csproj", "{1020DC41-DA13-42B9-AAD8-12B2DCA4B4A8}"
EndProject
Project("{9A19103F-16F7-4668-BE54-9A1E7A4F7556}") = "DataBase", "..\DataBase\DataBase.csproj", "{04B62B71-8C18-436C-B2CA-EFABF8C56AFA}"
EndProject
Project("{FAE04EC0-301F-11D3-BF4B-00C04F79EFBC}") = "BuissnessLayer", "..\BuissnessLayer\BuissnessLayer.csproj", "{E5DB1885-CB49-46AD-A7B2-9251EE991CF0}"
EndProject
Project("{FAE04EC0-301F-11D3-BF4B-00C04F79EFBC}") = "PresentationLayer", "..\PresentationLayer\PresentationLayer.csproj", "{2837CE43-4BE1-42FA-A998-C3E0DFDE2D4A}"
EndProject
Global
	GlobalSection(SolutionConfigurationPlatforms) = preSolution
		Debug|Any CPU = Debug|Any CPU
		Release|Any CPU = Release|Any CPU
	EndGlobalSection
	GlobalSection(ProjectConfigurationPlatforms) = postSolution
		{1020DC41-DA13-42B9-AAD8-12B2DCA4B4A8}.Debug|Any CPU.ActiveCfg = Debug|Any CPU
		{1020DC41-DA13-42B9-AAD8-12B2DCA4B4A8}.Debug|Any CPU.Build.0 = Debug|Any CPU
		{1020DC41-DA13-42B9-AAD8-12B2DCA4B4A8}.Release|Any CPU.ActiveCfg = Release|Any CPU
		{1020DC41-DA13-42B9-AAD8-12B2DCA4B4A8}.Release|Any CPU.Build.0 = Release|Any CPU
		{04B62B71-8C18-436C-B2CA-EFABF8C56AFA}.Debug|Any CPU.ActiveCfg = Debug|Any CPU
		{04B62B71-8C18-436C-B2CA-EFABF8C56AFA}.Debug|Any CPU.Build.0 = Debug|Any CPU
		{04B62B71-8C18-436C-B2CA-EFABF8C56AFA}.Release|Any CPU.ActiveCfg = Release|Any CPU
		{04B62B71-8C18-436C-B2CA-EFABF8C56AFA}.Release|Any CPU.Build.0 = Release|Any CPU
		{E5DB1885-CB49-46AD-A7B2-9251EE991CF0}.Debug|Any CPU.ActiveCfg = Debug|Any CPU
		{E5DB1885-CB49-46AD-A7B2-9251EE991CF0}.Debug|Any CPU.Build.0 = Debug|Any CPU
		{E5DB1885-CB49-46AD-A7B2-9251EE991CF0}.Release|Any CPU.ActiveCfg = Release|Any CPU
		{E5DB1885-CB49-46AD-A7B2-9251EE991CF0}.Release|Any CPU.Build.0 = Release|Any CPU
		{2837CE43-4BE1-42FA-A998-C3E0DFDE2D4A}.Debug|Any CPU.ActiveCfg = Debug|Any CPU
		{2837CE43-4BE1-42FA-A998-C3E0DFDE2D4A}.Debug|Any CPU.Build.0 = Debug|Any CPU
		{2837CE43-4BE1-42FA-A998-C3E0DFDE2D4A}.Release|Any CPU.ActiveCfg = Release|Any CPU
		{2837CE43-4BE1-42FA-A998-C3E0DFDE2D4A}.Release|Any CPU.Build.0 = Release|Any CPU
	EndGlobalSection
	GlobalSection(SolutionProperties) = preSolution
		HideSolutionNode = FALSE
	EndGlobalSection
	GlobalSection(ExtensibilityGlobals) = postSolution
		SolutionGuid = {D47F1308-2D3A-4501-99E5-6D195A64DCD7}
	EndGlobalSection
EndGlobal
